<?xml version="1.0" encoding="utf-8"?>
<Project ToolsVersion="4.0" xmlns="http://schemas.microsoft.com/developer/msbuild/2003">
  <ItemGroup>
    <ClCompile Include="GameObject.cpp">
      <Filter>Source Files\GameObjects</Filter>
    </ClCompile>
    <ClCompile Include="Scene.cpp">
      <Filter>Source Files\Scenes</Filter>
    </ClCompile>
    <ClCompile Include="ShaderProgram.cpp">
      <Filter>Source Files\Assets\ShaderPrograms</Filter>
    </ClCompile>
    <ClCompile Include="ShaderProgram_Colored3D.cpp">
      <Filter>Source Files\Assets\ShaderPrograms</Filter>
    </ClCompile>
    <ClCompile Include="Mesh.cpp">
      <Filter>Source Files\Assets\Meshes</Filter>
    </ClCompile>
    <ClCompile Include="ShaderProgram_Colored2D.cpp">
      <Filter>Source Files\Assets\ShaderPrograms</Filter>
    </ClCompile>
    <ClCompile Include="ShaderProgram_Textured3D.cpp">
      <Filter>Source Files\Assets\ShaderPrograms</Filter>
    </ClCompile>
    <ClCompile Include="Texture.cpp">
      <Filter>Source Files\Assets\Textures</Filter>
    </ClCompile>
    <ClCompile Include="Mesh_File_OBJ.cpp">
      <Filter>Source Files\Assets\Meshes</Filter>
    </ClCompile>
    <ClCompile Include="ShaderProgram_Textured2D.cpp">
      <Filter>Source Files\Assets\ShaderPrograms</Filter>
    </ClCompile>
    <ClCompile Include="Shader.cpp">
      <Filter>Source Files\Assets\Shaders</Filter>
    </ClCompile>
    <ClCompile Include="Main.cpp" />
    <ClCompile Include="Scene_Display.cpp">
      <Filter>Source Files\Scenes</Filter>
    </ClCompile>
    <ClCompile Include="Cube.cpp">
      <Filter>Source Files\GameObjects</Filter>
    </ClCompile>
    <ClCompile Include="Asset.cpp">
      <Filter>Source Files\Assets</Filter>
    </ClCompile>
    <ClCompile Include="Assets.cpp">
      <Filter>Source Files\Assets</Filter>
    </ClCompile>
    <ClCompile Include="configuration.cpp">
      <Filter>Source Files\Assets</Filter>
    </ClCompile>
    <ClCompile Include="Input.cpp">
      <Filter>Source Files\Assets</Filter>
    </ClCompile>
    <ClCompile Include="Engine.cpp">
      <Filter>Source Files\Assets</Filter>
    </ClCompile>
    <ClCompile Include="Mesh_2D_Octagon.cpp">
      <Filter>Source Files\Assets\Meshes\2D</Filter>
    </ClCompile>
    <ClCompile Include="Mesh_2D_Pentagon.cpp">
      <Filter>Source Files\Assets\Meshes\2D</Filter>
    </ClCompile>
    <ClCompile Include="Mesh_2D_RightTriangle.cpp">
      <Filter>Source Files\Assets\Meshes\2D</Filter>
    </ClCompile>
    <ClCompile Include="Mesh_2D_SemiOctagon.cpp">
      <Filter>Source Files\Assets\Meshes\2D</Filter>
    </ClCompile>
    <ClCompile Include="Mesh_2D_Square.cpp">
      <Filter>Source Files\Assets\Meshes\2D</Filter>
    </ClCompile>
    <ClCompile Include="Mesh_2D_Triangle.cpp">
      <Filter>Source Files\Assets\Meshes\2D</Filter>
    </ClCompile>
    <ClCompile Include="Mesh_3D_Cube.cpp">
      <Filter>Source Files\Assets\Meshes\3D</Filter>
    </ClCompile>
    <ClCompile Include="Mesh_3D_Tetrahedron.cpp">
      <Filter>Source Files\Assets\Meshes\3D</Filter>
    </ClCompile>
    <ClCompile Include="Mesh_3D_Quad.cpp">
      <Filter>Source Files\Assets\Meshes\3D</Filter>
    </ClCompile>
    <ClCompile Include="Mesh_3D_InvertedCube.cpp">
      <Filter>Source Files\Assets\Meshes\3D</Filter>
    </ClCompile>
    <ClCompile Include="TestChamber.cpp">
      <Filter>Source Files\GameObjects</Filter>
    </ClCompile>
  </ItemGroup>
  <ItemGroup>
    <ClInclude Include="ShaderProgram_Textured2D.h">
      <Filter>Source Files\Assets\ShaderPrograms</Filter>
    </ClInclude>
    <ClInclude Include="ShaderProgram.h">
      <Filter>Source Files\Assets\ShaderPrograms</Filter>
    </ClInclude>
    <ClInclude Include="ShaderProgram_Colored2D.h">
      <Filter>Source Files\Assets\ShaderPrograms</Filter>
    </ClInclude>
    <ClInclude Include="ShaderProgram_Colored3D.h">
      <Filter>Source Files\Assets\ShaderPrograms</Filter>
    </ClInclude>
    <ClInclude Include="ShaderProgram_Textured3D.h">
      <Filter>Source Files\Assets\ShaderPrograms</Filter>
    </ClInclude>
    <ClInclude Include="Texture.h">
      <Filter>Source Files\Assets\Textures</Filter>
    </ClInclude>
    <ClInclude Include="Cube.h">
      <Filter>Source Files\GameObjects</Filter>
    </ClInclude>
    <ClInclude Include="Assets.h">
      <Filter>Source Files\Assets</Filter>
    </ClInclude>
    <ClInclude Include="Asset.h">
      <Filter>Source Files\Assets</Filter>
    </ClInclude>
    <ClInclude Include="Engine.h">
      <Filter>Source Files</Filter>
    </ClInclude>
    <ClInclude Include="Expectations.h">
      <Filter>Source Files</Filter>
    </ClInclude>
    <ClInclude Include="GameObject.h">
      <Filter>Source Files\GameObjects</Filter>
    </ClInclude>
    <ClInclude Include="Input.h">
      <Filter>Source Files</Filter>
    </ClInclude>
    <ClInclude Include="Mesh.h">
      <Filter>Source Files\Assets\Meshes</Filter>
    </ClInclude>
    <ClInclude Include="Mesh_File_OBJ.h">
      <Filter>Source Files\Assets\Meshes</Filter>
    </ClInclude>
    <ClInclude Include="Scene.h">
      <Filter>Source Files\Scenes</Filter>
    </ClInclude>
    <ClInclude Include="Scene_Display.h">
      <Filter>Source Files\Scenes</Filter>
    </ClInclude>
    <ClInclude Include="Shader.h">
      <Filter>Source Files\Assets\Shaders</Filter>
    </ClInclude>
    <ClInclude Include="Configuration.h">
      <Filter>Source Files\Assets</Filter>
    </ClInclude>
    <ClInclude Include="Mesh_2D_Octagon.h">
      <Filter>Source Files\Assets\Meshes\2D</Filter>
    </ClInclude>
    <ClInclude Include="Mesh_2D_Pentagon.h">
      <Filter>Source Files\Assets\Meshes\2D</Filter>
    </ClInclude>
    <ClInclude Include="Mesh_2D_RightTriangle.h">
      <Filter>Source Files\Assets\Meshes\2D</Filter>
    </ClInclude>
    <ClInclude Include="Mesh_2D_SemiOctagon.h">
      <Filter>Source Files\Assets\Meshes\2D</Filter>
    </ClInclude>
    <ClInclude Include="Mesh_2D_Square.h">
      <Filter>Source Files\Assets\Meshes\2D</Filter>
    </ClInclude>
    <ClInclude Include="Mesh_2D_Triangle.h">
      <Filter>Source Files\Assets\Meshes\2D</Filter>
    </ClInclude>
    <ClInclude Include="Mesh_3D_Cube.h">
      <Filter>Source Files\Assets\Meshes\3D</Filter>
    </ClInclude>
    <ClInclude Include="Mesh_3D_Tetrahedron.h">
      <Filter>Source Files\Assets\Meshes\3D</Filter>
    </ClInclude>
    <ClInclude Include="Mesh_3D_Quad.h">
      <Filter>Source Files\Assets\Meshes\3D</Filter>
    </ClInclude>
    <ClInclude Include="Mesh_3D_InvertedCube.h">
      <Filter>Source Files\Assets\Meshes\3D</Filter>
    </ClInclude>
    <ClInclude Include="TestChamber.h">
      <Filter>Source Files\GameObjects</Filter>
    </ClInclude>
  </ItemGroup>
  <ItemGroup>
    <Filter Include="Header Files">
      <UniqueIdentifier>{0bf568a8-03c1-4aba-8510-7da74222b516}</UniqueIdentifier>
    </Filter>
    <Filter Include="Resource Files">
      <UniqueIdentifier>{571c74cd-55b4-47b9-a975-ff81e0fc71eb}</UniqueIdentifier>
    </Filter>
    <Filter Include="Source Files">
      <UniqueIdentifier>{73fe271f-0912-4e01-8925-020864940280}</UniqueIdentifier>
    </Filter>
    <Filter Include="Source Files\Scenes">
      <UniqueIdentifier>{f6b1e309-768d-4d11-8ad5-128b4976dd7d}</UniqueIdentifier>
    </Filter>
    <Filter Include="Source Files\GameObjects">
      <UniqueIdentifier>{171cbe25-a47a-48b8-be6a-0b5a71bfbf66}</UniqueIdentifier>
    </Filter>
    <Filter Include="Source Files\Assets">
      <UniqueIdentifier>{3d319565-bc6f-4579-ae49-7a3a4358b48b}</UniqueIdentifier>
    </Filter>
    <Filter Include="Source Files\Assets\Meshes">
      <UniqueIdentifier>{24532c1d-028f-4a3b-97af-3545a1f9fe2d}</UniqueIdentifier>
    </Filter>
    <Filter Include="Source Files\Assets\ShaderPrograms">
      <UniqueIdentifier>{9e07e941-6e01-4a78-a2cc-e46399dd3616}</UniqueIdentifier>
    </Filter>
    <Filter Include="Source Files\Assets\Shaders">
      <UniqueIdentifier>{830b8f29-34d8-418d-b9d0-3151c4ce1f48}</UniqueIdentifier>
    </Filter>
    <Filter Include="Source Files\Assets\Textures">
      <UniqueIdentifier>{e348cf36-464f-4318-b597-a2ecdb1c4f80}</UniqueIdentifier>
    </Filter>
    <Filter Include="Source Files\Assets\Meshes\2D">
      <UniqueIdentifier>{fe1322a3-65ae-404b-9c7b-4a80f5da2db9}</UniqueIdentifier>
    </Filter>
    <Filter Include="Source Files\Assets\Meshes\3D">
      <UniqueIdentifier>{08da1aa8-75b5-4e47-b318-4eea1bec983c}</UniqueIdentifier>
    </Filter>
  </ItemGroup>
  <ItemGroup>
    <None Include="Shaders\Colored.2D.FragmentShader.glsl">
      <Filter>Resource Files</Filter>
    </None>
    <None Include="Shaders\Colored.3D.VertexShader.glsl">
      <Filter>Resource Files</Filter>
    </None>
    <None Include="Shaders\Colored.3D.FragmentShader.glsl">
      <Filter>Resource Files</Filter>
    </None>
    <None Include="Shaders\Colored.2D.VertexShader.glsl">
      <Filter>Resource Files</Filter>
    </None>
    <None Include="Shaders\Textured.3D.FragmentShader.glsl">
      <Filter>Resource Files</Filter>
    </None>
    <None Include="Shaders\Textured.3D.VertexShader.glsl">
      <Filter>Resource Files</Filter>
    </None>
    <None Include="Shaders\Textured.2D.FragmentShader.glsl">
      <Filter>Resource Files</Filter>
    </None>
    <None Include="Shaders\Textured.2D.VertexShader.glsl">
      <Filter>Resource Files</Filter>
    </None>
  </ItemGroup>
</Project>